title: BaseProofBlock
type: object
#Закомитил так как этот объект повторяет то что у нас есть в metadata
#allOf:
#  - $ref: ./BaseTypeProofStatus.yaml
#  - $ref: ./BaseTypeProofRelevance.yaml
#  - $ref: ./BaseTypeProofMessage.yaml
#  - type: object
#    required: 
#      - hash
#      - sign
#      - status
#      - relevance